
Microsoft Visual Studio Solution File, Format Version 12.00
# Visual Studio 15
VisualStudioVersion = 15.0.27004.2002
MinimumVisualStudioVersion = 10.0.40219.1
Project("{FAE04EC0-301F-11D3-BF4B-00C04F79EFBC}") = "ResumeSearch.Web", "ResumeSearch.Web\ResumeSearch.Web.csproj", "{A1918C26-EAE7-485B-9AAB-6E4365DC14E1}"
EndProject
Project("{FAE04EC0-301F-11D3-BF4B-00C04F79EFBC}") = "ResumeSearch.Test", "ResumeSearch.Test\ResumeSearch.Test.csproj", "{740363DD-4EAE-463E-B4B9-DCA4836DAB0C}"
EndProject
Project("{FAE04EC0-301F-11D3-BF4B-00C04F79EFBC}") = "ResumeSearch.NLP", "ResumeSearch.NLP\ResumeSearch.NLP.csproj", "{943DDE21-B97A-4066-9841-899883AC0DF6}"
EndProject
Global
	GlobalSection(SolutionConfigurationPlatforms) = preSolution
		Debug|Any CPU = Debug|Any CPU
		Release|Any CPU = Release|Any CPU
	EndGlobalSection
	GlobalSection(ProjectConfigurationPlatforms) = postSolution
		{A1918C26-EAE7-485B-9AAB-6E4365DC14E1}.Debug|Any CPU.ActiveCfg = Debug|Any CPU
		{A1918C26-EAE7-485B-9AAB-6E4365DC14E1}.Debug|Any CPU.Build.0 = Debug|Any CPU
		{A1918C26-EAE7-485B-9AAB-6E4365DC14E1}.Release|Any CPU.ActiveCfg = Release|Any CPU
		{A1918C26-EAE7-485B-9AAB-6E4365DC14E1}.Release|Any CPU.Build.0 = Release|Any CPU
		{740363DD-4EAE-463E-B4B9-DCA4836DAB0C}.Debug|Any CPU.ActiveCfg = Debug|Any CPU
		{740363DD-4EAE-463E-B4B9-DCA4836DAB0C}.Debug|Any CPU.Build.0 = Debug|Any CPU
		{740363DD-4EAE-463E-B4B9-DCA4836DAB0C}.Release|Any CPU.ActiveCfg = Release|Any CPU
		{740363DD-4EAE-463E-B4B9-DCA4836DAB0C}.Release|Any CPU.Build.0 = Release|Any CPU
		{943DDE21-B97A-4066-9841-899883AC0DF6}.Debug|Any CPU.ActiveCfg = Debug|Any CPU
		{943DDE21-B97A-4066-9841-899883AC0DF6}.Debug|Any CPU.Build.0 = Debug|Any CPU
		{943DDE21-B97A-4066-9841-899883AC0DF6}.Release|Any CPU.ActiveCfg = Release|Any CPU
		{943DDE21-B97A-4066-9841-899883AC0DF6}.Release|Any CPU.Build.0 = Release|Any CPU
	EndGlobalSection
	GlobalSection(SolutionProperties) = preSolution
		HideSolutionNode = FALSE
	EndGlobalSection
	GlobalSection(ExtensibilityGlobals) = postSolution
		SolutionGuid = {C0674B55-3A85-41D5-ACD9-70FB6F70CA1E}
	EndGlobalSection
EndGlobal
